{
  "name": "backend",
  "version": "1.0.0",
  "lockfileVersion": 3,
  "requires": true,
  "packages": {
    "": {
      "name": "backend",
      "version": "1.0.0",
      "license": "ISC",
      "dependencies": {
        "random-world": "^1.2.1"
      }
    },
    "node_modules/moment": {
      "version": "2.30.1",
      "resolved": "https://registry.npmjs.org/moment/-/moment-2.30.1.tgz",
      "integrity": "sha512-uEmtNhbDOrWPFS+hdjFCBfy9f2YoyzRpwcl+DqpC6taX21FzsTLQVbMV/W7PzNSX6x/bhC1zA3c2UQ5NzH6how==",
      "license": "MIT",
      "engines": {
        "node": "*"
      }
    },
    "node_modules/random-world": {
      "version": "1.2.1",
      "resolved": "https://registry.npmjs.org/random-world/-/random-world-1.2.1.tgz",
      "integrity": "sha512-SM3B4QhUJ4VQdoLuZJ8ZuahxkvS+r0wG8UsKs5ZrD2NpnKnI6NknNwFW0LswK8+9fOvyP/O58SSwL065qAJY/A==",
      "license": "MIT",
      "dependencies": {
        "moment": "^2.11.2",
        "seedrandom": "^2.4.2",
        "underscore": "^1.8.3",
        "uuid": "^3.0.1"
      }
    },
    "node_modules/seedrandom": {
      "version": "2.4.4",
      "resolved": "https://registry.npmjs.org/seedrandom/-/seedrandom-2.4.4.tgz",
      "integrity": "sha512-9A+PDmgm+2du77B5i0Ip2cxOqqHjgNxnBgglxLcX78A2D6c2rTo61z4jnVABpF4cKeDMDG+cmXXvdnqse2VqMA==",
      "license": "MIT"
    },
    "node_modules/underscore": {
      "version": "1.13.7",
      "resolved": "https://registry.npmjs.org/underscore/-/underscore-1.13.7.tgz",
      "integrity": "sha512-GMXzWtsc57XAtguZgaQViUOzs0KTkk8ojr3/xAxXLITqf/3EMwxC0inyETfDFjH/Krbhuep0HNbbjI9i/q3F3g==",
      "license": "MIT"
    },
    "node_modules/uuid": {
      "version": "3.4.0",
      "resolved": "https://registry.npmjs.org/uuid/-/uuid-3.4.0.tgz",
      "integrity": "sha512-HjSDRw6gZE5JMggctHBcjVak08+KEVhSIiDzFnT9S9aegmp85S/bReBVTb4QTFaRNptJ9kuYaNhnbNEOkbKb/A==",
      "deprecated": "Please upgrade  to version 7 or higher.  Older versions may use Math.random() in certain circumstances, which is known to be problematic.  See https://v8.dev/blog/math-random for details.",
      "license": "MIT",
      "bin": {
        "uuid": "bin/uuid"
      }
    }
  }
}
